
Microsoft Visual Studio Solution File, Format Version 12.00
# Visual Studio 2012
Project("{FAE04EC0-301F-11D3-BF4B-00C04F79EFBC}") = "demo_tc_786", "demo_tc_786\demo_tc_786.csproj", "{3A3D62B8-BCC4-4DF7-A4D1-2BD8494171C1}"
EndProject
Global
	GlobalSection(TeamFoundationVersionControl) = preSolution
		SccNumberOfProjects = 2
		SccEnterpriseProvider = {4CA58AB2-18FA-4F8D-95D4-32DDF27D184C}
		SccTeamFoundationServer = https://demoshop.visualstudio.com/defaultcollection
		SccLocalPath0 = .
		SccProjectUniqueName1 = demo_tc_786\\demo_tc_786.csproj
		SccProjectName1 = demo_tc_786
		SccLocalPath1 = demo_tc_786
	EndGlobalSection
	GlobalSection(SolutionConfigurationPlatforms) = preSolution
		Debug|Any CPU = Debug|Any CPU
		Release|Any CPU = Release|Any CPU
	EndGlobalSection
	GlobalSection(ProjectConfigurationPlatforms) = postSolution
		{3A3D62B8-BCC4-4DF7-A4D1-2BD8494171C1}.Debug|Any CPU.ActiveCfg = Debug|Any CPU
		{3A3D62B8-BCC4-4DF7-A4D1-2BD8494171C1}.Debug|Any CPU.Build.0 = Debug|Any CPU
		{3A3D62B8-BCC4-4DF7-A4D1-2BD8494171C1}.Release|Any CPU.ActiveCfg = Release|Any CPU
		{3A3D62B8-BCC4-4DF7-A4D1-2BD8494171C1}.Release|Any CPU.Build.0 = Release|Any CPU
	EndGlobalSection
	GlobalSection(SolutionProperties) = preSolution
		HideSolutionNode = FALSE
	EndGlobalSection
EndGlobal
